
Microsoft Visual Studio Solution File, Format Version 12.00
# Visual Studio Version 16
VisualStudioVersion = 16.0.31105.61
MinimumVisualStudioVersion = 10.0.40219.1
Project("{9A19103F-16F7-4668-BE54-9A1E7A4F7556}") = "DataAccess", "DataAccess\DataAccess.csproj", "{9ADBC150-6408-4BC8-B194-CE17BA688A76}"
EndProject
Project("{9A19103F-16F7-4668-BE54-9A1E7A4F7556}") = "Business", "Business\Business.csproj", "{E5A08F17-7DEC-42E1-9103-CCCD3367C99D}"
EndProject
Project("{9A19103F-16F7-4668-BE54-9A1E7A4F7556}") = "Entitites", "Entitites\Entitites.csproj", "{328E1A37-E5F7-4338-A08B-6DA0ABF8DA1C}"
EndProject
Project("{9A19103F-16F7-4668-BE54-9A1E7A4F7556}") = "ConsoleUI", "ConsoleUI\ConsoleUI.csproj", "{1D074075-F1DC-4E07-B1D0-2A478CBDA1A7}"
EndProject
Project("{9A19103F-16F7-4668-BE54-9A1E7A4F7556}") = "Core", "Core\Core.csproj", "{E0468D9D-3A98-47A6-8349-2FBCCF7AD589}"
EndProject
Project("{FAE04EC0-301F-11D3-BF4B-00C04F79EFBC}") = "WebAPI", "WebAPI\WebAPI.csproj", "{1264D852-DD69-4BEC-B226-4515B4FAD426}"
EndProject
Global
	GlobalSection(SolutionConfigurationPlatforms) = preSolution
		Debug|Any CPU = Debug|Any CPU
		Release|Any CPU = Release|Any CPU
	EndGlobalSection
	GlobalSection(ProjectConfigurationPlatforms) = postSolution
		{9ADBC150-6408-4BC8-B194-CE17BA688A76}.Debug|Any CPU.ActiveCfg = Debug|Any CPU
		{9ADBC150-6408-4BC8-B194-CE17BA688A76}.Debug|Any CPU.Build.0 = Debug|Any CPU
		{9ADBC150-6408-4BC8-B194-CE17BA688A76}.Release|Any CPU.ActiveCfg = Release|Any CPU
		{9ADBC150-6408-4BC8-B194-CE17BA688A76}.Release|Any CPU.Build.0 = Release|Any CPU
		{E5A08F17-7DEC-42E1-9103-CCCD3367C99D}.Debug|Any CPU.ActiveCfg = Debug|Any CPU
		{E5A08F17-7DEC-42E1-9103-CCCD3367C99D}.Debug|Any CPU.Build.0 = Debug|Any CPU
		{E5A08F17-7DEC-42E1-9103-CCCD3367C99D}.Release|Any CPU.ActiveCfg = Release|Any CPU
		{E5A08F17-7DEC-42E1-9103-CCCD3367C99D}.Release|Any CPU.Build.0 = Release|Any CPU
		{328E1A37-E5F7-4338-A08B-6DA0ABF8DA1C}.Debug|Any CPU.ActiveCfg = Debug|Any CPU
		{328E1A37-E5F7-4338-A08B-6DA0ABF8DA1C}.Debug|Any CPU.Build.0 = Debug|Any CPU
		{328E1A37-E5F7-4338-A08B-6DA0ABF8DA1C}.Release|Any CPU.ActiveCfg = Release|Any CPU
		{328E1A37-E5F7-4338-A08B-6DA0ABF8DA1C}.Release|Any CPU.Build.0 = Release|Any CPU
		{1D074075-F1DC-4E07-B1D0-2A478CBDA1A7}.Debug|Any CPU.ActiveCfg = Debug|Any CPU
		{1D074075-F1DC-4E07-B1D0-2A478CBDA1A7}.Debug|Any CPU.Build.0 = Debug|Any CPU
		{1D074075-F1DC-4E07-B1D0-2A478CBDA1A7}.Release|Any CPU.ActiveCfg = Release|Any CPU
		{1D074075-F1DC-4E07-B1D0-2A478CBDA1A7}.Release|Any CPU.Build.0 = Release|Any CPU
		{E0468D9D-3A98-47A6-8349-2FBCCF7AD589}.Debug|Any CPU.ActiveCfg = Debug|Any CPU
		{E0468D9D-3A98-47A6-8349-2FBCCF7AD589}.Debug|Any CPU.Build.0 = Debug|Any CPU
		{E0468D9D-3A98-47A6-8349-2FBCCF7AD589}.Release|Any CPU.ActiveCfg = Release|Any CPU
		{E0468D9D-3A98-47A6-8349-2FBCCF7AD589}.Release|Any CPU.Build.0 = Release|Any CPU
		{1264D852-DD69-4BEC-B226-4515B4FAD426}.Debug|Any CPU.ActiveCfg = Debug|Any CPU
		{1264D852-DD69-4BEC-B226-4515B4FAD426}.Debug|Any CPU.Build.0 = Debug|Any CPU
		{1264D852-DD69-4BEC-B226-4515B4FAD426}.Release|Any CPU.ActiveCfg = Release|Any CPU
		{1264D852-DD69-4BEC-B226-4515B4FAD426}.Release|Any CPU.Build.0 = Release|Any CPU
	EndGlobalSection
	GlobalSection(SolutionProperties) = preSolution
		HideSolutionNode = FALSE
	EndGlobalSection
	GlobalSection(ExtensibilityGlobals) = postSolution
		SolutionGuid = {57544695-E871-4143-A82D-7FF1B0F925D3}
	EndGlobalSection
EndGlobal
